{
  "name": "@dytesdk/ui-kit-addons",
  "version": "3.1.5",
  "lockfileVersion": 3,
  "requires": true,
  "packages": {
    "": {
      "name": "@dytesdk/ui-kit-addons",
      "version": "3.1.5",
      "license": "ISC",
      "dependencies": {
        "@dytesdk/video-background-transformer": "2.0.5"
      },
      "devDependencies": {
        "typescript": "^5.2.2",
        "vite": "^4.4.8"
      },
      "peerDependencies": {
        "@dytesdk/ui-kit": ">=2.0.4",
        "@dytesdk/web-core": ">=2.1.2"
      }
    },
    "node_modules/@babel/runtime": {
      "version": "7.26.0",
      "license": "MIT",
      "peer": true,
      "dependencies": {
        "regenerator-runtime": "^0.14.0"
      },
      "engines": {
        "node": ">=6.9.0"
      }
    },
    "node_modules/@dytesdk/ui-kit": {
      "version": "2.0.6",
      "peer": true
    },
    "node_modules/@dytesdk/video-background-transformer": {
      "version": "2.0.5",
      "resolved": "https://registry.npmjs.org/@dytesdk/video-background-transformer/-/video-background-transformer-2.0.5.tgz",
      "integrity": "sha512-emC4RlZRLbTUJGgEvS9hQZV9q9sXnhU9kZ8jBZB2UXM2VbCjGDs4uA2Rq0FYoVIPUbX+toR37si1MIZh/k35XQ=="
    },
    "node_modules/@dytesdk/web-core": {
      "version": "2.1.10",
      "peer": true,
      "dependencies": {
        "@protobuf-ts/runtime": "^2.7.0",
        "bowser": "^2.11.0",
        "sdp-transform": "^2.14.1",
        "uuid": "^8.3.2",
        "worker-timers": "7.0.60"
      }
    },
    "node_modules/@esbuild/darwin-arm64": {
      "version": "0.18.20",
      "cpu": [
        "arm64"
      ],
      "dev": true,
      "license": "MIT",
      "optional": true,
      "os": [
        "darwin"
      ],
      "engines": {
        "node": ">=12"
      }
    },
    "node_modules/@protobuf-ts/runtime": {
      "version": "2.9.4",
      "license": "(Apache-2.0 AND BSD-3-Clause)",
      "peer": true
    },
    "node_modules/bowser": {
      "version": "2.11.0",
      "license": "MIT",
      "peer": true
    },
    "node_modules/esbuild": {
      "version": "0.18.20",
      "dev": true,
      "hasInstallScript": true,
      "license": "MIT",
      "bin": {
        "esbuild": "bin/esbuild"
      },
      "engines": {
        "node": ">=12"
      },
      "optionalDependencies": {
        "@esbuild/android-arm": "0.18.20",
        "@esbuild/android-arm64": "0.18.20",
        "@esbuild/android-x64": "0.18.20",
        "@esbuild/darwin-arm64": "0.18.20",
        "@esbuild/darwin-x64": "0.18.20",
        "@esbuild/freebsd-arm64": "0.18.20",
        "@esbuild/freebsd-x64": "0.18.20",
        "@esbuild/linux-arm": "0.18.20",
        "@esbuild/linux-arm64": "0.18.20",
        "@esbuild/linux-ia32": "0.18.20",
        "@esbuild/linux-loong64": "0.18.20",
        "@esbuild/linux-mips64el": "0.18.20",
        "@esbuild/linux-ppc64": "0.18.20",
        "@esbuild/linux-riscv64": "0.18.20",
        "@esbuild/linux-s390x": "0.18.20",
        "@esbuild/linux-x64": "0.18.20",
        "@esbuild/netbsd-x64": "0.18.20",
        "@esbuild/openbsd-x64": "0.18.20",
        "@esbuild/sunos-x64": "0.18.20",
        "@esbuild/win32-arm64": "0.18.20",
        "@esbuild/win32-ia32": "0.18.20",
        "@esbuild/win32-x64": "0.18.20"
      }
    },
    "node_modules/fast-unique-numbers": {
      "version": "8.0.13",
      "license": "MIT",
      "peer": true,
      "dependencies": {
        "@babel/runtime": "^7.23.8",
        "tslib": "^2.6.2"
      },
      "engines": {
        "node": ">=16.1.0"
      }
    },
    "node_modules/fsevents": {
      "version": "2.3.3",
      "dev": true,
      "license": "MIT",
      "optional": true,
      "os": [
        "darwin"
      ],
      "engines": {
        "node": "^8.16.0 || ^10.6.0 || >=11.0.0"
      }
    },
    "node_modules/nanoid": {
      "version": "3.3.7",
      "dev": true,
      "funding": [
        {
          "type": "github",
          "url": "https://github.com/sponsors/ai"
        }
      ],
      "license": "MIT",
      "bin": {
        "nanoid": "bin/nanoid.cjs"
      },
      "engines": {
        "node": "^10 || ^12 || ^13.7 || ^14 || >=15.0.1"
      }
    },
    "node_modules/picocolors": {
      "version": "1.1.1",
      "dev": true,
      "license": "ISC"
    },
    "node_modules/postcss": {
      "version": "8.4.47",
      "dev": true,
      "funding": [
        {
          "type": "opencollective",
          "url": "https://opencollective.com/postcss/"
        },
        {
          "type": "tidelift",
          "url": "https://tidelift.com/funding/github/npm/postcss"
        },
        {
          "type": "github",
          "url": "https://github.com/sponsors/ai"
        }
      ],
      "license": "MIT",
      "dependencies": {
        "nanoid": "^3.3.7",
        "picocolors": "^1.1.0",
        "source-map-js": "^1.2.1"
      },
      "engines": {
        "node": "^10 || ^12 || >=14"
      }
    },
    "node_modules/regenerator-runtime": {
      "version": "0.14.1",
      "license": "MIT",
      "peer": true
    },
    "node_modules/rollup": {
      "version": "3.29.5",
      "dev": true,
      "license": "MIT",
      "bin": {
        "rollup": "dist/bin/rollup"
      },
      "engines": {
        "node": ">=14.18.0",
        "npm": ">=8.0.0"
      },
      "optionalDependencies": {
        "fsevents": "~2.3.2"
      }
    },
    "node_modules/sdp-transform": {
      "version": "2.14.2",
      "license": "MIT",
      "peer": true,
      "bin": {
        "sdp-verify": "checker.js"
      }
    },
    "node_modules/source-map-js": {
      "version": "1.2.1",
      "dev": true,
      "license": "BSD-3-Clause",
      "engines": {
        "node": ">=0.10.0"
      }
    },
    "node_modules/tslib": {
      "version": "2.8.1",
      "license": "0BSD",
      "peer": true
    },
    "node_modules/typescript": {
      "version": "5.6.3",
      "dev": true,
      "license": "Apache-2.0",
      "bin": {
        "tsc": "bin/tsc",
        "tsserver": "bin/tsserver"
      },
      "engines": {
        "node": ">=14.17"
      }
    },
    "node_modules/uuid": {
      "version": "8.3.2",
      "license": "MIT",
      "peer": true,
      "bin": {
        "uuid": "dist/bin/uuid"
      }
    },
    "node_modules/vite": {
      "version": "4.5.5",
      "dev": true,
      "license": "MIT",
      "dependencies": {
        "esbuild": "^0.18.10",
        "postcss": "^8.4.27",
        "rollup": "^3.27.1"
      },
      "bin": {
        "vite": "bin/vite.js"
      },
      "engines": {
        "node": "^14.18.0 || >=16.0.0"
      },
      "funding": {
        "url": "https://github.com/vitejs/vite?sponsor=1"
      },
      "optionalDependencies": {
        "fsevents": "~2.3.2"
      },
      "peerDependencies": {
        "@types/node": ">= 14",
        "less": "*",
        "lightningcss": "^1.21.0",
        "sass": "*",
        "stylus": "*",
        "sugarss": "*",
        "terser": "^5.4.0"
      },
      "peerDependenciesMeta": {
        "@types/node": {
          "optional": true
        },
        "less": {
          "optional": true
        },
        "lightningcss": {
          "optional": true
        },
        "sass": {
          "optional": true
        },
        "stylus": {
          "optional": true
        },
        "sugarss": {
          "optional": true
        },
        "terser": {
          "optional": true
        }
      }
    },
    "node_modules/worker-timers": {
      "version": "7.0.60",
      "license": "MIT",
      "peer": true,
      "dependencies": {
        "@babel/runtime": "^7.20.6",
        "tslib": "^2.4.1",
        "worker-timers-broker": "^6.0.80",
        "worker-timers-worker": "^7.0.46"
      }
    },
    "node_modules/worker-timers-broker": {
      "version": "6.1.8",
      "license": "MIT",
      "peer": true,
      "dependencies": {
        "@babel/runtime": "^7.24.5",
        "fast-unique-numbers": "^8.0.13",
        "tslib": "^2.6.2",
        "worker-timers-worker": "^7.0.71"
      }
    },
    "node_modules/worker-timers-worker": {
      "version": "7.0.71",
      "license": "MIT",
      "peer": true,
      "dependencies": {
        "@babel/runtime": "^7.24.5",
        "tslib": "^2.6.2"
      }
    }
  }
}
